// !$*UTF8*$!
{
	archiveVersion = 1;
	classes = {
	};
	objectVersion = 46;
	objects = {

/* Begin PBXBuildFile section */
		1A4A9373D4A548C7AD83F388 /* libPods-GPSKitTests.a in Frameworks */ = {isa = PBXBuildFile; fileRef = 5ACD1E2FF88442A496423352 /* libPods-GPSKitTests.a */; };
		8155633D1925B3D800805AD5 /* CLHCoreLocationManagerTests.m in Sources */ = {isa = PBXBuildFile; fileRef = 8155633C1925B3D800805AD5 /* CLHCoreLocationManagerTests.m */; };
		8159ADA818B8FA3C00C68532 /* XCTest.framework in Frameworks */ = {isa = PBXBuildFile; fileRef = 8159ADA718B8FA3C00C68532 /* XCTest.framework */; };
		8159ADA918B8FA3C00C68532 /* Foundation.framework in Frameworks */ = {isa = PBXBuildFile; fileRef = 8159AD9918B8FA3C00C68532 /* Foundation.framework */; };
		8159ADAB18B8FA3C00C68532 /* UIKit.framework in Frameworks */ = {isa = PBXBuildFile; fileRef = 8159ADAA18B8FA3C00C68532 /* UIKit.framework */; };
		8159ADB418B8FA3C00C68532 /* InfoPlist.strings in Resources */ = {isa = PBXBuildFile; fileRef = 8159ADB218B8FA3C00C68532 /* InfoPlist.strings */; };
		815D530C1A94597300B80DC6 /* GPSKit.h in Headers */ = {isa = PBXBuildFile; fileRef = 815D530B1A94597300B80DC6 /* GPSKit.h */; settings = {ATTRIBUTES = (Public, ); }; };
		815D53201A9459F700B80DC6 /* CLHCoreLocationManager.m in Sources */ = {isa = PBXBuildFile; fileRef = 8159ADC018B8FA6200C68532 /* CLHCoreLocationManager.m */; };
		815D53211A945A0000B80DC6 /* CLHLocationSubscriber.m in Sources */ = {isa = PBXBuildFile; fileRef = 8194DD8F191D42CF0033002D /* CLHLocationSubscriber.m */; };
		815D53221A945B7E00B80DC6 /* CLHCoreLocationManager.h in Headers */ = {isa = PBXBuildFile; fileRef = 8159ADBF18B8FA6200C68532 /* CLHCoreLocationManager.h */; settings = {ATTRIBUTES = (Public, ); }; };
		815D53231A945B8300B80DC6 /* CLHLocationSubscriber.h in Headers */ = {isa = PBXBuildFile; fileRef = 8194DD8E191D42CF0033002D /* CLHLocationSubscriber.h */; settings = {ATTRIBUTES = (Public, ); }; };
		815D53291A945FC200B80DC6 /* CLHLocationSubscriber.m in Sources */ = {isa = PBXBuildFile; fileRef = 8194DD8F191D42CF0033002D /* CLHLocationSubscriber.m */; };
		815D532A1A945FC500B80DC6 /* CLHCoreLocationManager.m in Sources */ = {isa = PBXBuildFile; fileRef = 8159ADC018B8FA6200C68532 /* CLHCoreLocationManager.m */; };
		8194DCB4191D3CBB0033002D /* CLHLocationSubscriberTests.m in Sources */ = {isa = PBXBuildFile; fileRef = 8194DCB3191D3CBB0033002D /* CLHLocationSubscriberTests.m */; };
/* End PBXBuildFile section */

/* Begin PBXFileReference section */
		5729A8EFE4ED455F90ACABEC /* libPods.a */ = {isa = PBXFileReference; explicitFileType = archive.ar; includeInIndex = 0; path = libPods.a; sourceTree = BUILT_PRODUCTS_DIR; };
		5ACD1E2FF88442A496423352 /* libPods-GPSKitTests.a */ = {isa = PBXFileReference; explicitFileType = archive.ar; includeInIndex = 0; path = "libPods-GPSKitTests.a"; sourceTree = BUILT_PRODUCTS_DIR; };
		813A8C471921C9C7006C6185 /* CLHCoreLocationManager_TestMethods.h */ = {isa = PBXFileReference; fileEncoding = 4; lastKnownFileType = sourcecode.c.h; path = CLHCoreLocationManager_TestMethods.h; sourceTree = "<group>"; };
		813A8C481921CA00006C6185 /* CLHLocationSubscriber_TestMethods.h */ = {isa = PBXFileReference; fileEncoding = 4; lastKnownFileType = sourcecode.c.h; path = CLHLocationSubscriber_TestMethods.h; sourceTree = "<group>"; };
		8155633C1925B3D800805AD5 /* CLHCoreLocationManagerTests.m */ = {isa = PBXFileReference; fileEncoding = 4; lastKnownFileType = sourcecode.c.objc; path = CLHCoreLocationManagerTests.m; sourceTree = "<group>"; };
		8159AD9918B8FA3C00C68532 /* Foundation.framework */ = {isa = PBXFileReference; lastKnownFileType = wrapper.framework; name = Foundation.framework; path = System/Library/Frameworks/Foundation.framework; sourceTree = SDKROOT; };
		8159ADA618B8FA3C00C68532 /* GPSKitTests.xctest */ = {isa = PBXFileReference; explicitFileType = wrapper.cfbundle; includeInIndex = 0; path = GPSKitTests.xctest; sourceTree = BUILT_PRODUCTS_DIR; };
		8159ADA718B8FA3C00C68532 /* XCTest.framework */ = {isa = PBXFileReference; lastKnownFileType = wrapper.framework; name = XCTest.framework; path = Library/Frameworks/XCTest.framework; sourceTree = DEVELOPER_DIR; };
		8159ADAA18B8FA3C00C68532 /* UIKit.framework */ = {isa = PBXFileReference; lastKnownFileType = wrapper.framework; name = UIKit.framework; path = Library/Frameworks/UIKit.framework; sourceTree = DEVELOPER_DIR; };
		8159ADB118B8FA3C00C68532 /* GPSKitTests-Info.plist */ = {isa = PBXFileReference; lastKnownFileType = text.plist.xml; path = "GPSKitTests-Info.plist"; sourceTree = "<group>"; };
		8159ADB318B8FA3C00C68532 /* en */ = {isa = PBXFileReference; lastKnownFileType = text.plist.strings; name = en; path = en.lproj/InfoPlist.strings; sourceTree = "<group>"; };
		8159ADBF18B8FA6200C68532 /* CLHCoreLocationManager.h */ = {isa = PBXFileReference; fileEncoding = 4; lastKnownFileType = sourcecode.c.h; path = CLHCoreLocationManager.h; sourceTree = "<group>"; };
		8159ADC018B8FA6200C68532 /* CLHCoreLocationManager.m */ = {isa = PBXFileReference; fileEncoding = 4; lastKnownFileType = sourcecode.c.objc; path = CLHCoreLocationManager.m; sourceTree = "<group>"; };
		815D53071A94597300B80DC6 /* GPSKit.framework */ = {isa = PBXFileReference; explicitFileType = wrapper.framework; includeInIndex = 0; path = GPSKit.framework; sourceTree = BUILT_PRODUCTS_DIR; };
		815D530A1A94597300B80DC6 /* Info.plist */ = {isa = PBXFileReference; lastKnownFileType = text.plist.xml; name = Info.plist; path = ../Source/Info.plist; sourceTree = "<group>"; };
		815D530B1A94597300B80DC6 /* GPSKit.h */ = {isa = PBXFileReference; lastKnownFileType = sourcecode.c.h; name = GPSKit.h; path = ../Source/GPSKit.h; sourceTree = "<group>"; };
		8194DCB3191D3CBB0033002D /* CLHLocationSubscriberTests.m */ = {isa = PBXFileReference; fileEncoding = 4; lastKnownFileType = sourcecode.c.objc; name = CLHLocationSubscriberTests.m; path = Tests/CLHLocationSubscriberTests.m; sourceTree = SOURCE_ROOT; };
		8194DD8E191D42CF0033002D /* CLHLocationSubscriber.h */ = {isa = PBXFileReference; fileEncoding = 4; lastKnownFileType = sourcecode.c.h; path = CLHLocationSubscriber.h; sourceTree = "<group>"; };
		8194DD8F191D42CF0033002D /* CLHLocationSubscriber.m */ = {isa = PBXFileReference; fileEncoding = 4; lastKnownFileType = sourcecode.c.objc; path = CLHLocationSubscriber.m; sourceTree = "<group>"; };
		973E68EC0F10BC5E05F8B7AA /* Pods-GPSKitTests.release.xcconfig */ = {isa = PBXFileReference; includeInIndex = 1; lastKnownFileType = text.xcconfig; name = "Pods-GPSKitTests.release.xcconfig"; path = "Pods/Target Support Files/Pods-GPSKitTests/Pods-GPSKitTests.release.xcconfig"; sourceTree = "<group>"; };
		E37AF370981DD5221D10129B /* Pods-GPSKitTests.debug.xcconfig */ = {isa = PBXFileReference; includeInIndex = 1; lastKnownFileType = text.xcconfig; name = "Pods-GPSKitTests.debug.xcconfig"; path = "Pods/Target Support Files/Pods-GPSKitTests/Pods-GPSKitTests.debug.xcconfig"; sourceTree = "<group>"; };
		E55857D81C804BE0A50C3C03 /* libPods-CLHLocationManagerTests.a */ = {isa = PBXFileReference; explicitFileType = archive.ar; includeInIndex = 0; path = "libPods-CLHLocationManagerTests.a"; sourceTree = BUILT_PRODUCTS_DIR; };
/* End PBXFileReference section */

/* Begin PBXFrameworksBuildPhase section */
		8159ADA318B8FA3C00C68532 /* Frameworks */ = {
			isa = PBXFrameworksBuildPhase;
			buildActionMask = 2147483647;
			files = (
				8159ADA818B8FA3C00C68532 /* XCTest.framework in Frameworks */,
				8159ADAB18B8FA3C00C68532 /* UIKit.framework in Frameworks */,
				8159ADA918B8FA3C00C68532 /* Foundation.framework in Frameworks */,
				1A4A9373D4A548C7AD83F388 /* libPods-GPSKitTests.a in Frameworks */,
			);
			runOnlyForDeploymentPostprocessing = 0;
		};
		815D53031A94597300B80DC6 /* Frameworks */ = {
			isa = PBXFrameworksBuildPhase;
			buildActionMask = 2147483647;
			files = (
			);
			runOnlyForDeploymentPostprocessing = 0;
		};
/* End PBXFrameworksBuildPhase section */

/* Begin PBXGroup section */
		4CDD9771AAB1F73F0CADD7A5 /* Pods */ = {
			isa = PBXGroup;
			children = (
				E37AF370981DD5221D10129B /* Pods-GPSKitTests.debug.xcconfig */,
				973E68EC0F10BC5E05F8B7AA /* Pods-GPSKitTests.release.xcconfig */,
			);
			name = Pods;
			sourceTree = "<group>";
		};
		8159AD8D18B8FA3C00C68532 = {
			isa = PBXGroup;
			children = (
				815D53081A94597300B80DC6 /* Source */,
				8159ADAF18B8FA3C00C68532 /* Tests */,
				8159AD9818B8FA3C00C68532 /* Frameworks */,
				8159AD9718B8FA3C00C68532 /* Products */,
				4CDD9771AAB1F73F0CADD7A5 /* Pods */,
			);
			sourceTree = "<group>";
		};
		8159AD9718B8FA3C00C68532 /* Products */ = {
			isa = PBXGroup;
			children = (
				8159ADA618B8FA3C00C68532 /* GPSKitTests.xctest */,
				815D53071A94597300B80DC6 /* GPSKit.framework */,
			);
			name = Products;
			sourceTree = "<group>";
		};
		8159AD9818B8FA3C00C68532 /* Frameworks */ = {
			isa = PBXGroup;
			children = (
				8159AD9918B8FA3C00C68532 /* Foundation.framework */,
				8159ADA718B8FA3C00C68532 /* XCTest.framework */,
				8159ADAA18B8FA3C00C68532 /* UIKit.framework */,
				5729A8EFE4ED455F90ACABEC /* libPods.a */,
				E55857D81C804BE0A50C3C03 /* libPods-CLHLocationManagerTests.a */,
				5ACD1E2FF88442A496423352 /* libPods-GPSKitTests.a */,
			);
			name = Frameworks;
			sourceTree = "<group>";
		};
		8159ADAF18B8FA3C00C68532 /* Tests */ = {
			isa = PBXGroup;
			children = (
				8155633C1925B3D800805AD5 /* CLHCoreLocationManagerTests.m */,
				8194DCB3191D3CBB0033002D /* CLHLocationSubscriberTests.m */,
				813A8C471921C9C7006C6185 /* CLHCoreLocationManager_TestMethods.h */,
				813A8C481921CA00006C6185 /* CLHLocationSubscriber_TestMethods.h */,
				8159ADB018B8FA3C00C68532 /* Supporting Files */,
			);
			path = Tests;
			sourceTree = "<group>";
		};
		8159ADB018B8FA3C00C68532 /* Supporting Files */ = {
			isa = PBXGroup;
			children = (
				8159ADB118B8FA3C00C68532 /* GPSKitTests-Info.plist */,
				8159ADB218B8FA3C00C68532 /* InfoPlist.strings */,
			);
			name = "Supporting Files";
			sourceTree = "<group>";
		};
		815D53081A94597300B80DC6 /* Source */ = {
			isa = PBXGroup;
			children = (
				815D530B1A94597300B80DC6 /* GPSKit.h */,
				8159ADBF18B8FA6200C68532 /* CLHCoreLocationManager.h */,
				8159ADC018B8FA6200C68532 /* CLHCoreLocationManager.m */,
				8194DD8E191D42CF0033002D /* CLHLocationSubscriber.h */,
				8194DD8F191D42CF0033002D /* CLHLocationSubscriber.m */,
				815D53091A94597300B80DC6 /* Supporting Files */,
			);
			path = Source;
			sourceTree = "<group>";
		};
		815D53091A94597300B80DC6 /* Supporting Files */ = {
			isa = PBXGroup;
			children = (
				815D530A1A94597300B80DC6 /* Info.plist */,
			);
			name = "Supporting Files";
			sourceTree = "<group>";
		};
/* End PBXGroup section */

/* Begin PBXHeadersBuildPhase section */
		815D53041A94597300B80DC6 /* Headers */ = {
			isa = PBXHeadersBuildPhase;
			buildActionMask = 2147483647;
			files = (
				815D53221A945B7E00B80DC6 /* CLHCoreLocationManager.h in Headers */,
				815D53231A945B8300B80DC6 /* CLHLocationSubscriber.h in Headers */,
				815D530C1A94597300B80DC6 /* GPSKit.h in Headers */,
			);
			runOnlyForDeploymentPostprocessing = 0;
		};
/* End PBXHeadersBuildPhase section */

/* Begin PBXNativeTarget section */
		8159ADA518B8FA3C00C68532 /* GPSKitTests */ = {
			isa = PBXNativeTarget;
			buildConfigurationList = 8159ADBC18B8FA3D00C68532 /* Build configuration list for PBXNativeTarget "GPSKitTests" */;
			buildPhases = (
				CA14C40EBF1F4F209CF5B852 /* Check Pods Manifest.lock */,
				8159ADA218B8FA3C00C68532 /* Sources */,
				8159ADA318B8FA3C00C68532 /* Frameworks */,
				8159ADA418B8FA3C00C68532 /* Resources */,
				0102E7A70E0A4A25B5AD9C08 /* Copy Pods Resources */,
			);
			buildRules = (
			);
			dependencies = (
			);
			name = GPSKitTests;
			productName = CLHLocationManagerTests;
			productReference = 8159ADA618B8FA3C00C68532 /* GPSKitTests.xctest */;
			productType = "com.apple.product-type.bundle.unit-test";
		};
		815D53061A94597300B80DC6 /* GPSKit */ = {
			isa = PBXNativeTarget;
			buildConfigurationList = 815D531A1A94597300B80DC6 /* Build configuration list for PBXNativeTarget "GPSKit" */;
			buildPhases = (
				815D53021A94597300B80DC6 /* Sources */,
				815D53031A94597300B80DC6 /* Frameworks */,
				815D53041A94597300B80DC6 /* Headers */,
				815D53051A94597300B80DC6 /* Resources */,
			);
			buildRules = (
			);
			dependencies = (
			);
			name = GPSKit;
			productName = GPSKit;
			productReference = 815D53071A94597300B80DC6 /* GPSKit.framework */;
			productType = "com.apple.product-type.framework";
		};
/* End PBXNativeTarget section */

/* Begin PBXProject section */
		8159AD8E18B8FA3C00C68532 /* Project object */ = {
			isa = PBXProject;
			attributes = {
				CLASSPREFIX = CLH;
				LastUpgradeCheck = 0510;
				ORGANIZATIONNAME = "Curtis Herbert";
				TargetAttributes = {
					8159ADA518B8FA3C00C68532 = {
						TestTargetID = 8159AD9518B8FA3C00C68532;
					};
					815D53061A94597300B80DC6 = {
						CreatedOnToolsVersion = 6.1.1;
					};
				};
			};
			buildConfigurationList = 8159AD9118B8FA3C00C68532 /* Build configuration list for PBXProject "GPSKit" */;
			compatibilityVersion = "Xcode 3.2";
			developmentRegion = English;
			hasScannedForEncodings = 0;
			knownRegions = (
				en,
			);
			mainGroup = 8159AD8D18B8FA3C00C68532;
			productRefGroup = 8159AD9718B8FA3C00C68532 /* Products */;
			projectDirPath = "";
			projectRoot = "";
			targets = (
				8159ADA518B8FA3C00C68532 /* GPSKitTests */,
				815D53061A94597300B80DC6 /* GPSKit */,
			);
		};
/* End PBXProject section */

/* Begin PBXResourcesBuildPhase section */
		8159ADA418B8FA3C00C68532 /* Resources */ = {
			isa = PBXResourcesBuildPhase;
			buildActionMask = 2147483647;
			files = (
				8159ADB418B8FA3C00C68532 /* InfoPlist.strings in Resources */,
			);
			runOnlyForDeploymentPostprocessing = 0;
		};
		815D53051A94597300B80DC6 /* Resources */ = {
			isa = PBXResourcesBuildPhase;
			buildActionMask = 2147483647;
			files = (
			);
			runOnlyForDeploymentPostprocessing = 0;
		};
/* End PBXResourcesBuildPhase section */

/* Begin PBXShellScriptBuildPhase section */
		0102E7A70E0A4A25B5AD9C08 /* Copy Pods Resources */ = {
			isa = PBXShellScriptBuildPhase;
			buildActionMask = 2147483647;
			files = (
			);
			inputPaths = (
			);
			name = "Copy Pods Resources";
			outputPaths = (
			);
			runOnlyForDeploymentPostprocessing = 0;
			shellPath = /bin/sh;
			shellScript = "\"${SRCROOT}/Pods/Target Support Files/Pods-GPSKitTests/Pods-GPSKitTests-resources.sh\"\n";
			showEnvVarsInLog = 0;
		};
		CA14C40EBF1F4F209CF5B852 /* Check Pods Manifest.lock */ = {
			isa = PBXShellScriptBuildPhase;
			buildActionMask = 2147483647;
			files = (
			);
			inputPaths = (
			);
			name = "Check Pods Manifest.lock";
			outputPaths = (
			);
			runOnlyForDeploymentPostprocessing = 0;
			shellPath = /bin/sh;
			shellScript = "diff \"${PODS_ROOT}/../Podfile.lock\" \"${PODS_ROOT}/Manifest.lock\" > /dev/null\nif [[ $? != 0 ]] ; then\n    cat << EOM\nerror: The sandbox is not in sync with the Podfile.lock. Run 'pod install' or update your CocoaPods installation.\nEOM\n    exit 1\nfi\n";
			showEnvVarsInLog = 0;
		};
/* End PBXShellScriptBuildPhase section */

/* Begin PBXSourcesBuildPhase section */
		8159ADA218B8FA3C00C68532 /* Sources */ = {
			isa = PBXSourcesBuildPhase;
			buildActionMask = 2147483647;
			files = (
				8194DCB4191D3CBB0033002D /* CLHLocationSubscriberTests.m in Sources */,
				815D532A1A945FC500B80DC6 /* CLHCoreLocationManager.m in Sources */,
				8155633D1925B3D800805AD5 /* CLHCoreLocationManagerTests.m in Sources */,
				815D53291A945FC200B80DC6 /* CLHLocationSubscriber.m in Sources */,
			);
			runOnlyForDeploymentPostprocessing = 0;
		};
		815D53021A94597300B80DC6 /* Sources */ = {
			isa = PBXSourcesBuildPhase;
			buildActionMask = 2147483647;
			files = (
				815D53211A945A0000B80DC6 /* CLHLocationSubscriber.m in Sources */,
				815D53201A9459F700B80DC6 /* CLHCoreLocationManager.m in Sources */,
			);
			runOnlyForDeploymentPostprocessing = 0;
		};
/* End PBXSourcesBuildPhase section */

/* Begin PBXVariantGroup section */
		8159ADB218B8FA3C00C68532 /* InfoPlist.strings */ = {
			isa = PBXVariantGroup;
			children = (
				8159ADB318B8FA3C00C68532 /* en */,
			);
			name = InfoPlist.strings;
			sourceTree = "<group>";
		};
/* End PBXVariantGroup section */

/* Begin XCBuildConfiguration section */
		8159ADB718B8FA3D00C68532 /* Debug */ = {
			isa = XCBuildConfiguration;
			buildSettings = {
				ALWAYS_SEARCH_USER_PATHS = NO;
				CLANG_CXX_LANGUAGE_STANDARD = "gnu++0x";
				CLANG_CXX_LIBRARY = "libc++";
				CLANG_ENABLE_MODULES = YES;
				CLANG_ENABLE_OBJC_ARC = YES;
				CLANG_WARN_BOOL_CONVERSION = YES;
				CLANG_WARN_CONSTANT_CONVERSION = YES;
				CLANG_WARN_DIRECT_OBJC_ISA_USAGE = YES_ERROR;
				CLANG_WARN_EMPTY_BODY = YES;
				CLANG_WARN_ENUM_CONVERSION = YES;
				CLANG_WARN_INT_CONVERSION = YES;
				CLANG_WARN_OBJC_ROOT_CLASS = YES_ERROR;
				CLANG_WARN__DUPLICATE_METHOD_MATCH = YES;
				COPY_PHASE_STRIP = NO;
				CURRENT_PROJECT_VERSION = 1;
				DYLIB_COMPATIBILITY_VERSION = 1;
				DYLIB_CURRENT_VERSION = 1;
				GCC_C_LANGUAGE_STANDARD = gnu99;
				GCC_DYNAMIC_NO_PIC = NO;
				GCC_OPTIMIZATION_LEVEL = 0;
				GCC_PREPROCESSOR_DEFINITIONS = (
					"DEBUG=1",
					"$(inherited)",
				);
				GCC_SYMBOLS_PRIVATE_EXTERN = NO;
				GCC_WARN_64_TO_32_BIT_CONVERSION = YES;
				GCC_WARN_ABOUT_RETURN_TYPE = YES_ERROR;
				GCC_WARN_UNDECLARED_SELECTOR = YES;
				GCC_WARN_UNINITIALIZED_AUTOS = YES;
				GCC_WARN_UNUSED_FUNCTION = YES;
				GCC_WARN_UNUSED_VARIABLE = YES;
				IPHONEOS_DEPLOYMENT_TARGET = 8.0;
				ONLY_ACTIVE_ARCH = YES;
				SDKROOT = iphoneos;
			};
			name = Debug;
		};
		8159ADB818B8FA3D00C68532 /* Release */ = {
			isa = XCBuildConfiguration;
			buildSettings = {
				ALWAYS_SEARCH_USER_PATHS = NO;
				CLANG_CXX_LANGUAGE_STANDARD = "gnu++0x";
				CLANG_CXX_LIBRARY = "libc++";
				CLANG_ENABLE_MODULES = YES;
				CLANG_ENABLE_OBJC_ARC = YES;
				CLANG_WARN_BOOL_CONVERSION = YES;
				CLANG_WARN_CONSTANT_CONVERSION = YES;
				CLANG_WARN_DIRECT_OBJC_ISA_USAGE = YES_ERROR;
				CLANG_WARN_EMPTY_BODY = YES;
				CLANG_WARN_ENUM_CONVERSION = YES;
				CLANG_WARN_INT_CONVERSION = YES;
				CLANG_WARN_OBJC_ROOT_CLASS = YES_ERROR;
				CLANG_WARN__DUPLICATE_METHOD_MATCH = YES;
				COPY_PHASE_STRIP = YES;
				CURRENT_PROJECT_VERSION = 1;
				DYLIB_COMPATIBILITY_VERSION = 1;
				DYLIB_CURRENT_VERSION = 1;
				ENABLE_NS_ASSERTIONS = NO;
				GCC_C_LANGUAGE_STANDARD = gnu99;
				GCC_WARN_64_TO_32_BIT_CONVERSION = YES;
				GCC_WARN_ABOUT_RETURN_TYPE = YES_ERROR;
				GCC_WARN_UNDECLARED_SELECTOR = YES;
				GCC_WARN_UNINITIALIZED_AUTOS = YES;
				GCC_WARN_UNUSED_FUNCTION = YES;
				GCC_WARN_UNUSED_VARIABLE = YES;
				IPHONEOS_DEPLOYMENT_TARGET = 8.0;
				SDKROOT = iphoneos;
				VALIDATE_PRODUCT = YES;
			};
			name = Release;
		};
		8159ADBD18B8FA3D00C68532 /* Debug */ = {
			isa = XCBuildConfiguration;
			baseConfigurationReference = E37AF370981DD5221D10129B /* Pods-GPSKitTests.debug.xcconfig */;
			buildSettings = {
				FRAMEWORK_SEARCH_PATHS = "$(inherited)";
				GCC_PRECOMPILE_PREFIX_HEADER = YES;
				GCC_PREFIX_HEADER = "";
				GCC_PREPROCESSOR_DEFINITIONS = (
					"DEBUG=1",
					"$(inherited)",
				);
				INFOPLIST_FILE = "Tests/GPSKitTests-Info.plist";
				PRODUCT_NAME = GPSKitTests;
				WRAPPER_EXTENSION = xctest;
			};
			name = Debug;
		};
		8159ADBE18B8FA3D00C68532 /* Release */ = {
			isa = XCBuildConfiguration;
			baseConfigurationReference = 973E68EC0F10BC5E05F8B7AA /* Pods-GPSKitTests.release.xcconfig */;
			buildSettings = {
				FRAMEWORK_SEARCH_PATHS = "$(inherited)";
				GCC_PRECOMPILE_PREFIX_HEADER = YES;
				GCC_PREFIX_HEADER = "";
				INFOPLIST_FILE = "Tests/GPSKitTests-Info.plist";
				PRODUCT_NAME = GPSKitTests;
				WRAPPER_EXTENSION = xctest;
			};
			name = Release;
		};
		815D531B1A94597300B80DC6 /* Debug */ = {
			isa = XCBuildConfiguration;
			buildSettings = {
				CLANG_WARN_UNREACHABLE_CODE = YES;
				"CODE_SIGN_IDENTITY[sdk=iphoneos*]" = "iPhone Developer";
				CURRENT_PROJECT_VERSION = 1;
				DEFINES_MODULE = YES;
				DYLIB_COMPATIBILITY_VERSION = 1;
				DYLIB_CURRENT_VERSION = 1;
				DYLIB_INSTALL_NAME_BASE = "@rpath";
				ENABLE_STRICT_OBJC_MSGSEND = YES;
				GCC_PREPROCESSOR_DEFINITIONS = (
					"DEBUG=1",
					"$(inherited)",
				);
				GCC_WARN_UNINITIALIZED_AUTOS = YES_AGGRESSIVE;
				INFOPLIST_FILE = Source/Info.plist;
				INSTALL_PATH = "$(LOCAL_LIBRARY_DIR)/Frameworks";
				IPHONEOS_DEPLOYMENT_TARGET = 8.0;
				LD_RUNPATH_SEARCH_PATHS = "$(inherited) @executable_path/Frameworks @loader_path/Frameworks";
				MTL_ENABLE_DEBUG_INFO = YES;
				PRODUCT_NAME = "$(TARGET_NAME)";
				SKIP_INSTALL = YES;
				TARGETED_DEVICE_FAMILY = "1,2";
				VERSIONING_SYSTEM = "apple-generic";
				VERSION_INFO_PREFIX = "";
			};
			name = Debug;
		};
		815D531C1A94597300B80DC6 /* Release */ = {
			isa = XCBuildConfiguration;
			buildSettings = {
				CLANG_WARN_UNREACHABLE_CODE = YES;
				"CODE_SIGN_IDENTITY[sdk=iphoneos*]" = "iPhone Developer";
				CURRENT_PROJECT_VERSION = 1;
				DEFINES_MODULE = YES;
				DYLIB_COMPATIBILITY_VERSION = 1;
				DYLIB_CURRENT_VERSION = 1;
				DYLIB_INSTALL_NAME_BASE = "@rpath";
				ENABLE_STRICT_OBJC_MSGSEND = YES;
				GCC_WARN_UNINITIALIZED_AUTOS = YES_AGGRESSIVE;
				INFOPLIST_FILE = Source/Info.plist;
				INSTALL_PATH = "$(LOCAL_LIBRARY_DIR)/Frameworks";
				IPHONEOS_DEPLOYMENT_TARGET = 8.0;
				LD_RUNPATH_SEARCH_PATHS = "$(inherited) @executable_path/Frameworks @loader_path/Frameworks";
				MTL_ENABLE_DEBUG_INFO = NO;
				PRODUCT_NAME = "$(TARGET_NAME)";
				SKIP_INSTALL = YES;
				TARGETED_DEVICE_FAMILY = "1,2";
				VERSIONING_SYSTEM = "apple-generic";
				VERSION_INFO_PREFIX = "";
			};
			name = Release;
		};
/* End XCBuildConfiguration section */

/* Begin XCConfigurationList section */
		8159AD9118B8FA3C00C68532 /* Build configuration list for PBXProject "GPSKit" */ = {
			isa = XCConfigurationList;
			buildConfigurations = (
				8159ADB718B8FA3D00C68532 /* Debug */,
				8159ADB818B8FA3D00C68532 /* Release */,
			);
			defaultConfigurationIsVisible = 0;
			defaultConfigurationName = Release;
		};
		8159ADBC18B8FA3D00C68532 /* Build configuration list for PBXNativeTarget "GPSKitTests" */ = {
			isa = XCConfigurationList;
			buildConfigurations = (
				8159ADBD18B8FA3D00C68532 /* Debug */,
				8159ADBE18B8FA3D00C68532 /* Release */,
			);
			defaultConfigurationIsVisible = 0;
			defaultConfigurationName = Release;
		};
		815D531A1A94597300B80DC6 /* Build configuration list for PBXNativeTarget "GPSKit" */ = {
			isa = XCConfigurationList;
			buildConfigurations = (
				815D531B1A94597300B80DC6 /* Debug */,
				815D531C1A94597300B80DC6 /* Release */,
			);
			defaultConfigurationIsVisible = 0;
			defaultConfigurationName = Release;
		};
/* End XCConfigurationList section */
	};
	rootObject = 8159AD8E18B8FA3C00C68532 /* Project object */;
}
